
Microsoft Visual Studio Solution File, Format Version 12.00
# Visual Studio Version 17
VisualStudioVersion = 17.3.32819.101
MinimumVisualStudioVersion = 10.0.40219.1
Project("{9A19103F-16F7-4668-BE54-9A1E7A4F7556}") = "Discord.Net.Template", "Template/Discord.Net.Template.csproj", "{A6F961D7-8A6A-453F-B4AB-FE86F2434030}"
EndProject
Global
	GlobalSection(SolutionConfigurationPlatforms) = preSolution
		Debug|Any CPU = Debug|Any CPU
		Release|Any CPU = Release|Any CPU
	EndGlobalSection
	GlobalSection(ProjectConfigurationPlatforms) = postSolution
		{A6F961D7-8A6A-453F-B4AB-FE86F2434030}.Debug|Any CPU.ActiveCfg = Debug|Any CPU
		{A6F961D7-8A6A-453F-B4AB-FE86F2434030}.Debug|Any CPU.Build.0 = Debug|Any CPU
		{A6F961D7-8A6A-453F-B4AB-FE86F2434030}.Release|Any CPU.ActiveCfg = Release|Any CPU
		{A6F961D7-8A6A-453F-B4AB-FE86F2434030}.Release|Any CPU.Build.0 = Release|Any CPU
	EndGlobalSection
	GlobalSection(SolutionProperties) = preSolution
		HideSolutionNode = FALSE
	EndGlobalSection
	GlobalSection(ExtensibilityGlobals) = postSolution
		SolutionGuid = {7F9C8732-3284-405D-93A7-F40D4094F5FE}
	EndGlobalSection
EndGlobal
